
Microsoft Visual Studio Solution File, Format Version 10.00
# Visual Studio 2008
Project("{FAE04EC0-301F-11D3-BF4B-00C04F79EFBC}") = "TeamSpeakTest", "TeamSpeakTest\TeamSpeakTest.csproj", "{2EFE361E-C275-490F-95FE-209CBE3B3DCD}"
EndProject
Global
	GlobalSection(SolutionConfigurationPlatforms) = preSolution
		Debug|Any CPU = Debug|Any CPU
		Release|Any CPU = Release|Any CPU
	EndGlobalSection
	GlobalSection(ProjectConfigurationPlatforms) = postSolution
		{2EFE361E-C275-490F-95FE-209CBE3B3DCD}.Debug|Any CPU.ActiveCfg = Debug|Any CPU
		{2EFE361E-C275-490F-95FE-209CBE3B3DCD}.Debug|Any CPU.Build.0 = Debug|Any CPU
		{2EFE361E-C275-490F-95FE-209CBE3B3DCD}.Release|Any CPU.ActiveCfg = Release|Any CPU
		{2EFE361E-C275-490F-95FE-209CBE3B3DCD}.Release|Any CPU.Build.0 = Release|Any CPU
	EndGlobalSection
	GlobalSection(SolutionProperties) = preSolution
		HideSolutionNode = FALSE
	EndGlobalSection
EndGlobal
