
Microsoft Visual Studio Solution File, Format Version 10.00
# Visual Studio 2008
Project("{FAE04EC0-301F-11D3-BF4B-00C04F79EFBC}") = "SerialPortTest", "SerialPortTest\SerialPortTest.csproj", "{BC186EA0-17FB-4A8A-947C-A0BD99DEE8C0}"
EndProject
Global
	GlobalSection(SolutionConfigurationPlatforms) = preSolution
		Debug|Any CPU = Debug|Any CPU
		Release|Any CPU = Release|Any CPU
	EndGlobalSection
	GlobalSection(ProjectConfigurationPlatforms) = postSolution
		{BC186EA0-17FB-4A8A-947C-A0BD99DEE8C0}.Debug|Any CPU.ActiveCfg = Debug|Any CPU
		{BC186EA0-17FB-4A8A-947C-A0BD99DEE8C0}.Debug|Any CPU.Build.0 = Debug|Any CPU
		{BC186EA0-17FB-4A8A-947C-A0BD99DEE8C0}.Release|Any CPU.ActiveCfg = Release|Any CPU
		{BC186EA0-17FB-4A8A-947C-A0BD99DEE8C0}.Release|Any CPU.Build.0 = Release|Any CPU
	EndGlobalSection
	GlobalSection(SolutionProperties) = preSolution
		HideSolutionNode = FALSE
	EndGlobalSection
EndGlobal
