
Microsoft Visual Studio Solution File, Format Version 10.00
# Visual Studio 2008
Project("{FAE04EC0-301F-11D3-BF4B-00C04F79EFBC}") = "ArgsTest", "ArgsTest\ArgsTest.csproj", "{899C10EF-4572-49A9-91AC-2B3CFA51FD4C}"
EndProject
Global
	GlobalSection(SolutionConfigurationPlatforms) = preSolution
		Debug|Any CPU = Debug|Any CPU
		Release|Any CPU = Release|Any CPU
	EndGlobalSection
	GlobalSection(ProjectConfigurationPlatforms) = postSolution
		{899C10EF-4572-49A9-91AC-2B3CFA51FD4C}.Debug|Any CPU.ActiveCfg = Debug|Any CPU
		{899C10EF-4572-49A9-91AC-2B3CFA51FD4C}.Debug|Any CPU.Build.0 = Debug|Any CPU
		{899C10EF-4572-49A9-91AC-2B3CFA51FD4C}.Release|Any CPU.ActiveCfg = Release|Any CPU
		{899C10EF-4572-49A9-91AC-2B3CFA51FD4C}.Release|Any CPU.Build.0 = Release|Any CPU
	EndGlobalSection
	GlobalSection(SolutionProperties) = preSolution
		HideSolutionNode = FALSE
	EndGlobalSection
EndGlobal
